
Microsoft Visual Studio Solution File, Format Version 12.00
# Visual Studio Version 17
VisualStudioVersion = 17.0.31815.197
MinimumVisualStudioVersion = 10.0.40219.1
Project("{FAE04EC0-301F-11D3-BF4B-00C04F79EFBC}") = "GitBranchDiffer", "GitBranchDiffer\GitBranchDiffer.csproj", "{F68A200A-0E17-4351-9766-7A10E94DAC71}"
EndProject
Project("{9A19103F-16F7-4668-BE54-9A1E7A4F7556}") = "BranchDiffer.Git", "BranchDiffer.Git\BranchDiffer.Git.csproj", "{CBCFD494-A7AB-485D-B24B-67C09EC21758}"
EndProject
Project("{2150E333-8FDC-42A3-9474-1A3956D46DE8}") = "Solution Items", "Solution Items", "{855A4207-609F-4E68-B763-439FE6018E91}"
EndProject
Project("{9A19103F-16F7-4668-BE54-9A1E7A4F7556}") = "BranchDiffer.Git.Tests", "..\tests\BranchDiffer.Git.Tests\BranchDiffer.Git.Tests.csproj", "{926EC7F0-396E-496A-80DD-0E080AD0B12B}"
EndProject
Project("{FAE04EC0-301F-11D3-BF4B-00C04F79EFBC}") = "BranchDiffer.VS", "BranchDiffer.VS\BranchDiffer.VS.csproj", "{FC515414-836C-4799-BB0F-CFCB892D52B9}"
EndProject
Project("{D954291E-2A0B-460D-934E-DC6B0785DB48}") = "BranchDiffer.VS.Shared", "BranchDiffer.VS.Shared\BranchDiffer.VS.Shared.shproj", "{CB3DECFA-EF89-454B-AE44-5590C64EE3CC}"
EndProject
Global
	GlobalSection(SharedMSBuildProjectFiles) = preSolution
		BranchDiffer.VS.Shared\BranchDiffer.VS.Shared.projitems*{cb3decfa-ef89-454b-ae44-5590c64ee3cc}*SharedItemsImports = 13
		BranchDiffer.VS.Shared\BranchDiffer.VS.Shared.projitems*{fc515414-836c-4799-bb0f-cfcb892d52b9}*SharedItemsImports = 4
	EndGlobalSection
	GlobalSection(SolutionConfigurationPlatforms) = preSolution
		Debug|Any CPU = Debug|Any CPU
		Release|Any CPU = Release|Any CPU
	EndGlobalSection
	GlobalSection(ProjectConfigurationPlatforms) = postSolution
		{F68A200A-0E17-4351-9766-7A10E94DAC71}.Debug|Any CPU.ActiveCfg = Debug|Any CPU
		{F68A200A-0E17-4351-9766-7A10E94DAC71}.Debug|Any CPU.Build.0 = Debug|Any CPU
		{F68A200A-0E17-4351-9766-7A10E94DAC71}.Release|Any CPU.ActiveCfg = Release|Any CPU
		{F68A200A-0E17-4351-9766-7A10E94DAC71}.Release|Any CPU.Build.0 = Release|Any CPU
		{CBCFD494-A7AB-485D-B24B-67C09EC21758}.Debug|Any CPU.ActiveCfg = Debug|Any CPU
		{CBCFD494-A7AB-485D-B24B-67C09EC21758}.Debug|Any CPU.Build.0 = Debug|Any CPU
		{CBCFD494-A7AB-485D-B24B-67C09EC21758}.Release|Any CPU.ActiveCfg = Release|Any CPU
		{CBCFD494-A7AB-485D-B24B-67C09EC21758}.Release|Any CPU.Build.0 = Release|Any CPU
		{926EC7F0-396E-496A-80DD-0E080AD0B12B}.Debug|Any CPU.ActiveCfg = Debug|Any CPU
		{926EC7F0-396E-496A-80DD-0E080AD0B12B}.Debug|Any CPU.Build.0 = Debug|Any CPU
		{926EC7F0-396E-496A-80DD-0E080AD0B12B}.Release|Any CPU.ActiveCfg = Release|Any CPU
		{926EC7F0-396E-496A-80DD-0E080AD0B12B}.Release|Any CPU.Build.0 = Release|Any CPU
		{FC515414-836C-4799-BB0F-CFCB892D52B9}.Debug|Any CPU.ActiveCfg = Debug|Any CPU
		{FC515414-836C-4799-BB0F-CFCB892D52B9}.Debug|Any CPU.Build.0 = Debug|Any CPU
		{FC515414-836C-4799-BB0F-CFCB892D52B9}.Release|Any CPU.ActiveCfg = Release|Any CPU
		{FC515414-836C-4799-BB0F-CFCB892D52B9}.Release|Any CPU.Build.0 = Release|Any CPU
	EndGlobalSection
	GlobalSection(SolutionProperties) = preSolution
		HideSolutionNode = FALSE
	EndGlobalSection
	GlobalSection(ExtensibilityGlobals) = postSolution
		SolutionGuid = {2FEAB5E3-A128-4171-B8ED-72F82D6E285B}
	EndGlobalSection
EndGlobal
